# THIS IS AN AUTOGENERATED FILE. DO NOT EDIT THIS FILE DIRECTLY.
# yarn lockfile v1


"@next/env@13.4.13-canary.6":
  version "13.4.13-canary.6"
  resolved "https://registry.yarnpkg.com/@next/env/-/env-13.4.13-canary.6.tgz#b69b6979addfad14395c77f3a9f64f45cd6bd57e"
  integrity sha512-YTBQVFz8Y770pvkP7UXMwyIUJ9nTIQR5E8cOdP67wlNAwfOI+mKepH3Jl+1TvTprgfN8omSaDEAWLoZfLvcsiQ==

"@next/swc-darwin-arm64@13.4.13-canary.6":
  version "13.4.13-canary.6"
  resolved "https://registry.yarnpkg.com/@next/swc-darwin-arm64/-/swc-darwin-arm64-13.4.13-canary.6.tgz#2c0a762b1e05bb0589ff27065d1906b7e3e4a736"
  integrity sha512-GpCLMdIFoIDA2nk481JcDW1NiDteuqpxnEoJXQDjWgy8pIkcjNd8CJz/9a3UjC+RH+Tmy4evNbxjba6TjqpLaA==

"@next/swc-darwin-x64@13.4.13-canary.6":
  version "13.4.13-canary.6"
  resolved "https://registry.yarnpkg.com/@next/swc-darwin-x64/-/swc-darwin-x64-13.4.13-canary.6.tgz#310a9098a9b13fef7dd795c311bfc19f71e106e5"
  integrity sha512-Nx1x8CM1UZ4T6+jIs4AysIcA4ZFGE8lenRi7iR7BmLJcv/feZUezinTAzhy3Q8x0OgLkNDx8aym07V04Jynj2g==

"@next/swc-linux-arm64-gnu@13.4.13-canary.6":
  version "13.4.13-canary.6"
  resolved "https://registry.yarnpkg.com/@next/swc-linux-arm64-gnu/-/swc-linux-arm64-gnu-13.4.13-canary.6.tgz#54ade0dbcebfdd0a665ff4a09a2bf8d2bec0e126"
  integrity sha512-PQwFfzvqZnx3dhv1Ronw/m0A5rZmKY2AU5j4FRB/8XOunc/T6FPls7CI+4KA2I6+R7Q73Iby+LB1nQGZG1yyPg==

"@next/swc-linux-arm64-musl@13.4.13-canary.6":
  version "13.4.13-canary.6"
  resolved "https://registry.yarnpkg.com/@next/swc-linux-arm64-musl/-/swc-linux-arm64-musl-13.4.13-canary.6.tgz#b9e9658d73977c5bf224e6bf2ce6a046bd05533f"
  integrity sha512-Lzlf6ah8GJvqF/Hwjc8EMBQcDb4drMHb3kRK6pL7BOwH8L2CVC7ZLSf48dqrqt7hKgjitF4GQjjJIPAspYMVwQ==

"@next/swc-linux-x64-gnu@13.4.13-canary.6":
  version "13.4.13-canary.6"
  resolved "https://registry.yarnpkg.com/@next/swc-linux-x64-gnu/-/swc-linux-x64-gnu-13.4.13-canary.6.tgz#ce69b5bc3809858d2d49aa1891940c91be32560f"
  integrity sha512-xAh09MN9nAhtvKQ8uXrrAqvJJmEkjLnHErgF/z9bh/h56GGavzZ2pti32jVSs1LL2dE8nV06LHzz5bbhcihehw==

"@next/swc-linux-x64-musl@13.4.13-canary.6":
  version "13.4.13-canary.6"
  resolved "https://registry.yarnpkg.com/@next/swc-linux-x64-musl/-/swc-linux-x64-musl-13.4.13-canary.6.tgz#e6b5a328e2c52c05c86e800ed9960e7cb5775684"
  integrity sha512-Cj2/G61gBXybptt5FTvc9rkfPMmQ095vK+hBBbAmqqb6kXbXybXC784UAh5VUjOmP2ut+jXzwPeFIQm8pCepjA==

"@next/swc-win32-arm64-msvc@13.4.13-canary.6":
  version "13.4.13-canary.6"
  resolved "https://registry.yarnpkg.com/@next/swc-win32-arm64-msvc/-/swc-win32-arm64-msvc-13.4.13-canary.6.tgz#4160b7e5070141a9da338bffaf3f767fcc660687"
  integrity sha512-FMbyBgXwMA1hrcwNFeI39po+i5S1q3nyg5+rmg7lpFuRn+M6069hdGhnzaBiSJ6iHbrw6szP45VRFTE06RtCIw==

"@next/swc-win32-ia32-msvc@13.4.13-canary.6":
  version "13.4.13-canary.6"
  resolved "https://registry.yarnpkg.com/@next/swc-win32-ia32-msvc/-/swc-win32-ia32-msvc-13.4.13-canary.6.tgz#309f9d88bdea4f38531394a636c69963fc7e202a"
  integrity sha512-70l3iWbUaf4PnpiOaq49lqTrTpHnsHXGze91YMOh36/i9mgSJxrcdTYdHHUDKM+/Fy8WCdnFcxmy2MkVi65I9w==

"@next/swc-win32-x64-msvc@13.4.13-canary.6":
  version "13.4.13-canary.6"
  resolved "https://registry.yarnpkg.com/@next/swc-win32-x64-msvc/-/swc-win32-x64-msvc-13.4.13-canary.6.tgz#d2a369d08485803c206d4f8bad30c3101c2d344f"
  integrity sha512-2HaezODV63UDI7LG/N+Q2HB9zCjgTqrStSLjOwauuJXhoseQ2W8yFoQU2PFFw25wsjE7dr6cd+tPPkRtKHMuhQ==

"@swc/helpers@0.5.1":
  version "0.5.1"
  resolved "https://registry.yarnpkg.com/@swc/helpers/-/helpers-0.5.1.tgz#e9031491aa3f26bfcc974a67f48bd456c8a5357a"
  integrity sha512-sJ902EfIzn1Fa+qYmjdQqh8tPsoxyBz+8yBKC2HKUxyezKJFwPGOn7pv4WY6QuQW//ySQi5lJjA/ZT9sNWWNTg==
  dependencies:
    tslib "^2.4.0"

busboy@1.6.0:
  version "1.6.0"
  resolved "https://registry.yarnpkg.com/busboy/-/busboy-1.6.0.tgz#966ea36a9502e43cdb9146962523b92f531f6893"
  integrity sha512-8SFQbg/0hQ9xy3UNTB0YEnsNBbWfhf7RtnzpL7TkBiTBRfrQ9Fxcnz7VJsleJpyp6rVLvXiuORqjlHi5q+PYuA==
  dependencies:
    streamsearch "^1.1.0"

caniuse-lite@^1.0.30001406:
  version "1.0.30001517"
  resolved "https://registry.yarnpkg.com/caniuse-lite/-/caniuse-lite-1.0.30001517.tgz#90fabae294215c3495807eb24fc809e11dc2f0a8"
  integrity sha512-Vdhm5S11DaFVLlyiKu4hiUTkpZu+y1KA/rZZqVQfOD5YdDT/eQKlkt7NaE0WGOFgX32diqt9MiP9CAiFeRklaA==

client-only@0.0.1:
  version "0.0.1"
  resolved "https://registry.yarnpkg.com/client-only/-/client-only-0.0.1.tgz#38bba5d403c41ab150bff64a95c85013cf73bca1"
  integrity sha512-IV3Ou0jSMzZrd3pZ48nLkT9DA7Ag1pnPzaiQhpW7c3RbcqqzvzzVu+L8gfqMp/8IM2MQtSiqaCxrrcfu8I8rMA==

glob-to-regexp@^0.4.1:
  version "0.4.1"
  resolved "https://registry.yarnpkg.com/glob-to-regexp/-/glob-to-regexp-0.4.1.tgz#c75297087c851b9a578bd217dd59a92f59fe546e"
  integrity sha512-lkX1HJXwyMcprw/5YUZc2s7DrpAiHB21/V+E1rHUrVNokkvB6bqMzT0VfV6/86ZNabt1k14YOIaT7nDvOX3Iiw==

graceful-fs@^4.1.2:
  version "4.2.11"
  resolved "https://registry.yarnpkg.com/graceful-fs/-/graceful-fs-4.2.11.tgz#4183e4e8bf08bb6e05bbb2f7d2e0c8f712ca40e3"
  integrity sha512-RbJ5/jmFcNNCcDV5o9eTnBLJ/HszWV0P73bc+Ff4nS/rJj+YaS6IGyiOL0VoBYX+l1Wrl3k63h/KrH+nhJ0XvQ==

"js-tokens@^3.0.0 || ^4.0.0":
  version "4.0.0"
  resolved "https://registry.yarnpkg.com/js-tokens/-/js-tokens-4.0.0.tgz#19203fb59991df98e3a287050d4647cdeaf32499"
  integrity sha512-RdJUflcE3cUzKiMqQgsCu06FPu9UdIJO0beYbPhHN4k6apgJtifcoCtT9bcxOpYBtpD2kCM6Sbzg4CausW/PKQ==

loose-envify@^1.1.0:
  version "1.4.0"
  resolved "https://registry.yarnpkg.com/loose-envify/-/loose-envify-1.4.0.tgz#71ee51fa7be4caec1a63839f7e682d8132d30caf"
  integrity sha512-lyuxPGr/Wfhrlem2CL/UcnUc1zcqKAImBDzukY7Y5F/yQiNdko6+fRLevlw1HgMySw7f611UIY408EtxRSoK3Q==
  dependencies:
    js-tokens "^3.0.0 || ^4.0.0"

nanoid@^3.3.4:
  version "3.3.6"
  resolved "https://registry.yarnpkg.com/nanoid/-/nanoid-3.3.6.tgz#443380c856d6e9f9824267d960b4236ad583ea4c"
  integrity sha512-BGcqMMJuToF7i1rt+2PWSNVnWIkGCU78jBG3RxO/bZlnZPK2Cmi2QaffxGO/2RvWi9sL+FAiRiXMgsyxQ1DIDA==

next@canary:
  version "13.4.13-canary.6"
  resolved "https://registry.yarnpkg.com/next/-/next-13.4.13-canary.6.tgz#f8c925affc1e0d198896ab1c118a8ba4290becfb"
  integrity sha512-yLXz2SDbxwF1/P29tKDQFpto3LUzvVBnNhNMqJ97qVAkdeW+RO9OBoYziCXFYPNrpwO66pvRXr7eIHoY0XOAOA==
  dependencies:
    "@next/env" "13.4.13-canary.6"
    "@swc/helpers" "0.5.1"
    busboy "1.6.0"
    caniuse-lite "^1.0.30001406"
    postcss "8.4.14"
    styled-jsx "5.1.1"
    watchpack "2.4.0"
    zod "3.21.4"
  optionalDependencies:
    "@next/swc-darwin-arm64" "13.4.13-canary.6"
    "@next/swc-darwin-x64" "13.4.13-canary.6"
    "@next/swc-linux-arm64-gnu" "13.4.13-canary.6"
    "@next/swc-linux-arm64-musl" "13.4.13-canary.6"
    "@next/swc-linux-x64-gnu" "13.4.13-canary.6"
    "@next/swc-linux-x64-musl" "13.4.13-canary.6"
    "@next/swc-win32-arm64-msvc" "13.4.13-canary.6"
    "@next/swc-win32-ia32-msvc" "13.4.13-canary.6"
    "@next/swc-win32-x64-msvc" "13.4.13-canary.6"

picocolors@^1.0.0:
  version "1.0.0"
  resolved "https://registry.yarnpkg.com/picocolors/-/picocolors-1.0.0.tgz#cb5bdc74ff3f51892236eaf79d68bc44564ab81c"
  integrity sha512-1fygroTLlHu66zi26VoTDv8yRgm0Fccecssto+MhsZ0D/DGW2sm8E8AjW7NU5VVTRt5GxbeZ5qBuJr+HyLYkjQ==

postcss@8.4.14:
  version "8.4.14"
  resolved "https://registry.yarnpkg.com/postcss/-/postcss-8.4.14.tgz#ee9274d5622b4858c1007a74d76e42e56fd21caf"
  integrity sha512-E398TUmfAYFPBSdzgeieK2Y1+1cpdxJx8yXbK/m57nRhKSmk1GB2tO4lbLBtlkfPQTDKfe4Xqv1ASWPpayPEig==
  dependencies:
    nanoid "^3.3.4"
    picocolors "^1.0.0"
    source-map-js "^1.0.2"

react-dom@18.2.0:
  version "18.2.0"
  resolved "https://registry.yarnpkg.com/react-dom/-/react-dom-18.2.0.tgz#22aaf38708db2674ed9ada224ca4aa708d821e3d"
  integrity sha512-6IMTriUmvsjHUjNtEDudZfuDQUoWXVxKHhlEGSk81n4YFS+r/Kl99wXiwlVXtPBtJenozv2P+hxDsw9eA7Xo6g==
  dependencies:
    loose-envify "^1.1.0"
    scheduler "^0.23.0"

react@18.2.0:
  version "18.2.0"
  resolved "https://registry.yarnpkg.com/react/-/react-18.2.0.tgz#555bd98592883255fa00de14f1151a917b5d77d5"
  integrity sha512-/3IjMdb2L9QbBdWiW5e3P2/npwMBaU9mHCSCUzNln0ZCYbcfTsGbTJrU/kGemdH2IWmB2ioZ+zkxtmq6g09fGQ==
  dependencies:
    loose-envify "^1.1.0"

scheduler@^0.23.0:
  version "0.23.0"
  resolved "https://registry.yarnpkg.com/scheduler/-/scheduler-0.23.0.tgz#ba8041afc3d30eb206a487b6b384002e4e61fdfe"
  integrity sha512-CtuThmgHNg7zIZWAXi3AsyIzA3n4xx7aNyjwC2VJldO2LMVDhFK+63xGqq6CsJH4rTAt6/M+N4GhZiDYPx9eUw==
  dependencies:
    loose-envify "^1.1.0"

source-map-js@^1.0.2:
  version "1.0.2"
  resolved "https://registry.yarnpkg.com/source-map-js/-/source-map-js-1.0.2.tgz#adbc361d9c62df380125e7f161f71c826f1e490c"
  integrity sha512-R0XvVJ9WusLiqTCEiGCmICCMplcCkIwwR11mOSD9CR5u+IXYdiseeEuXCVAjS54zqwkLcPNnmU4OeJ6tUrWhDw==

streamsearch@^1.1.0:
  version "1.1.0"
  resolved "https://registry.yarnpkg.com/streamsearch/-/streamsearch-1.1.0.tgz#404dd1e2247ca94af554e841a8ef0eaa238da764"
  integrity sha512-Mcc5wHehp9aXz1ax6bZUyY5afg9u2rv5cqQI3mRrYkGC8rW2hM02jWuwjtL++LS5qinSyhj2QfLyNsuc+VsExg==

styled-jsx@5.1.1:
  version "5.1.1"
  resolved "https://registry.yarnpkg.com/styled-jsx/-/styled-jsx-5.1.1.tgz#839a1c3aaacc4e735fed0781b8619ea5d0009d1f"
  integrity sha512-pW7uC1l4mBZ8ugbiZrcIsiIvVx1UmTfw7UkC3Um2tmfUq9Bhk8IiyEIPl6F8agHgjzku6j0xQEZbfA5uSgSaCw==
  dependencies:
    client-only "0.0.1"

tslib@^2.4.0:
  version "2.6.1"
  resolved "https://registry.yarnpkg.com/tslib/-/tslib-2.6.1.tgz#fd8c9a0ff42590b25703c0acb3de3d3f4ede0410"
  integrity sha512-t0hLfiEKfMUoqhG+U1oid7Pva4bbDPHYfJNiB7BiIjRkj1pyC++4N3huJfqY6aRH6VTB0rvtzQwjM4K6qpfOig==

watchpack@2.4.0:
  version "2.4.0"
  resolved "https://registry.yarnpkg.com/watchpack/-/watchpack-2.4.0.tgz#fa33032374962c78113f93c7f2fb4c54c9862a5d"
  integrity sha512-Lcvm7MGST/4fup+ifyKi2hjyIAwcdI4HRgtvTpIUxBRhB+RFtUh8XtDOxUfctVCnhVi+QQj49i91OyvzkJl6cg==
  dependencies:
    glob-to-regexp "^0.4.1"
    graceful-fs "^4.1.2"

zod@3.21.4:
  version "3.21.4"
  resolved "https://registry.yarnpkg.com/zod/-/zod-3.21.4.tgz#10882231d992519f0a10b5dd58a38c9dabbb64db"
  integrity sha512-m46AKbrzKVzOzs/DZgVnG5H55N1sv1M8qZU3A8RIKbs3mrACDNeIOeilDymVb2HdmP8uwshOCF4uJ8uM9rCqJw==
